// !$*UTF8*$!
{
	archiveVersion = 1;
	classes = {
	};
	objectVersion = 46;
	objects = {

/* Begin PBXBuildFile section */
		D8EBF3C81CF7BD5800B5F3C2 /* AppDelegate.swift in Sources */ = {isa = PBXBuildFile; fileRef = D8EBF3C71CF7BD5800B5F3C2 /* AppDelegate.swift */; };
		D8EBF3CA1CF7BD5800B5F3C2 /* GameScene.sks in Resources */ = {isa = PBXBuildFile; fileRef = D8EBF3C91CF7BD5800B5F3C2 /* GameScene.sks */; };
		D8EBF3CC1CF7BD5800B5F3C2 /* GameScene.swift in Sources */ = {isa = PBXBuildFile; fileRef = D8EBF3CB1CF7BD5800B5F3C2 /* GameScene.swift */; };
		D8EBF3CE1CF7BD5800B5F3C2 /* GameViewController.swift in Sources */ = {isa = PBXBuildFile; fileRef = D8EBF3CD1CF7BD5800B5F3C2 /* GameViewController.swift */; };
		D8EBF3D11CF7BD5800B5F3C2 /* Main.storyboard in Resources */ = {isa = PBXBuildFile; fileRef = D8EBF3CF1CF7BD5800B5F3C2 /* Main.storyboard */; };
		D8EBF3D31CF7BD5800B5F3C2 /* Assets.xcassets in Resources */ = {isa = PBXBuildFile; fileRef = D8EBF3D21CF7BD5800B5F3C2 /* Assets.xcassets */; };
		D8EBF3D61CF7BD5800B5F3C2 /* LaunchScreen.storyboard in Resources */ = {isa = PBXBuildFile; fileRef = D8EBF3D41CF7BD5800B5F3C2 /* LaunchScreen.storyboard */; };
/* End PBXBuildFile section */

/* Begin PBXFileReference section */
		D8EBF3C41CF7BD5800B5F3C2 /* Falling-Stars.app */ = {isa = PBXFileReference; explicitFileType = wrapper.application; includeInIndex = 0; path = "Falling-Stars.app"; sourceTree = BUILT_PRODUCTS_DIR; };
		D8EBF3C71CF7BD5800B5F3C2 /* AppDelegate.swift */ = {isa = PBXFileReference; lastKnownFileType = sourcecode.swift; path = AppDelegate.swift; sourceTree = "<group>"; };
		D8EBF3C91CF7BD5800B5F3C2 /* GameScene.sks */ = {isa = PBXFileReference; lastKnownFileType = file.sks; path = GameScene.sks; sourceTree = "<group>"; };
		D8EBF3CB1CF7BD5800B5F3C2 /* GameScene.swift */ = {isa = PBXFileReference; lastKnownFileType = sourcecode.swift; path = GameScene.swift; sourceTree = "<group>"; };
		D8EBF3CD1CF7BD5800B5F3C2 /* GameViewController.swift */ = {isa = PBXFileReference; lastKnownFileType = sourcecode.swift; path = GameViewController.swift; sourceTree = "<group>"; };
		D8EBF3D01CF7BD5800B5F3C2 /* Base */ = {isa = PBXFileReference; lastKnownFileType = file.storyboard; name = Base; path = Base.lproj/Main.storyboard; sourceTree = "<group>"; };
		D8EBF3D21CF7BD5800B5F3C2 /* Assets.xcassets */ = {isa = PBXFileReference; lastKnownFileType = folder.assetcatalog; path = Assets.xcassets; sourceTree = "<group>"; };
		D8EBF3D51CF7BD5800B5F3C2 /* Base */ = {isa = PBXFileReference; lastKnownFileType = file.storyboard; name = Base; path = Base.lproj/LaunchScreen.storyboard; sourceTree = "<group>"; };
		D8EBF3D71CF7BD5800B5F3C2 /* Info.plist */ = {isa = PBXFileReference; lastKnownFileType = text.plist.xml; path = Info.plist; sourceTree = "<group>"; };
/* End PBXFileReference section */

/* Begin PBXFrameworksBuildPhase section */
		D8EBF3C11CF7BD5800B5F3C2 /* Frameworks */ = {
			isa = PBXFrameworksBuildPhase;
			buildActionMask = 2147483647;
			files = (
			);
			runOnlyForDeploymentPostprocessing = 0;
		};
/* End PBXFrameworksBuildPhase section */

/* Begin PBXGroup section */
		D8EBF3BB1CF7BD5800B5F3C2 = {
			isa = PBXGroup;
			children = (
				D8EBF3C61CF7BD5800B5F3C2 /* Falling-Stars */,
				D8EBF3C51CF7BD5800B5F3C2 /* Products */,
			);
			sourceTree = "<group>";
		};
		D8EBF3C51CF7BD5800B5F3C2 /* Products */ = {
			isa = PBXGroup;
			children = (
				D8EBF3C41CF7BD5800B5F3C2 /* Falling-Stars.app */,
			);
			name = Products;
			sourceTree = "<group>";
		};
		D8EBF3C61CF7BD5800B5F3C2 /* Falling-Stars */ = {
			isa = PBXGroup;
			children = (
				D8EBF3C71CF7BD5800B5F3C2 /* AppDelegate.swift */,
				D8EBF3C91CF7BD5800B5F3C2 /* GameScene.sks */,
				D8EBF3CB1CF7BD5800B5F3C2 /* GameScene.swift */,
				D8EBF3CD1CF7BD5800B5F3C2 /* GameViewController.swift */,
				D8EBF3CF1CF7BD5800B5F3C2 /* Main.storyboard */,
				D8EBF3D21CF7BD5800B5F3C2 /* Assets.xcassets */,
				D8EBF3D41CF7BD5800B5F3C2 /* LaunchScreen.storyboard */,
				D8EBF3D71CF7BD5800B5F3C2 /* Info.plist */,
			);
			path = "Falling-Stars";
			sourceTree = "<group>";
		};
/* End PBXGroup section */

/* Begin PBXNativeTarget section */
		D8EBF3C31CF7BD5800B5F3C2 /* Falling-Stars */ = {
			isa = PBXNativeTarget;
			buildConfigurationList = D8EBF3DA1CF7BD5800B5F3C2 /* Build configuration list for PBXNativeTarget "Falling-Stars" */;
			buildPhases = (
				D8EBF3C01CF7BD5800B5F3C2 /* Sources */,
				D8EBF3C11CF7BD5800B5F3C2 /* Frameworks */,
				D8EBF3C21CF7BD5800B5F3C2 /* Resources */,
			);
			buildRules = (
			);
			dependencies = (
			);
			name = "Falling-Stars";
			productName = "Falling-Stars";
			productReference = D8EBF3C41CF7BD5800B5F3C2 /* Falling-Stars.app */;
			productType = "com.apple.product-type.application";
		};
/* End PBXNativeTarget section */

/* Begin PBXProject section */
		D8EBF3BC1CF7BD5800B5F3C2 /* Project object */ = {
			isa = PBXProject;
			attributes = {
				LastSwiftUpdateCheck = 0730;
				LastUpgradeCheck = 0730;
				ORGANIZATIONNAME = "mitchell hudson";
				TargetAttributes = {
					D8EBF3C31CF7BD5800B5F3C2 = {
						CreatedOnToolsVersion = 7.3.1;
					};
				};
			};
			buildConfigurationList = D8EBF3BF1CF7BD5800B5F3C2 /* Build configuration list for PBXProject "Falling-Stars" */;
			compatibilityVersion = "Xcode 3.2";
			developmentRegion = English;
			hasScannedForEncodings = 0;
			knownRegions = (
				en,
				Base,
			);
			mainGroup = D8EBF3BB1CF7BD5800B5F3C2;
			productRefGroup = D8EBF3C51CF7BD5800B5F3C2 /* Products */;
			projectDirPath = "";
			projectRoot = "";
			targets = (
				D8EBF3C31CF7BD5800B5F3C2 /* Falling-Stars */,
			);
		};
/* End PBXProject section */

/* Begin PBXResourcesBuildPhase section */
		D8EBF3C21CF7BD5800B5F3C2 /* Resources */ = {
			isa = PBXResourcesBuildPhase;
			buildActionMask = 2147483647;
			files = (
				D8EBF3CA1CF7BD5800B5F3C2 /* GameScene.sks in Resources */,
				D8EBF3D61CF7BD5800B5F3C2 /* LaunchScreen.storyboard in Resources */,
				D8EBF3D31CF7BD5800B5F3C2 /* Assets.xcassets in Resources */,
				D8EBF3D11CF7BD5800B5F3C2 /* Main.storyboard in Resources */,
			);
			runOnlyForDeploymentPostprocessing = 0;
		};
/* End PBXResourcesBuildPhase section */

/* Begin PBXSourcesBuildPhase section */
		D8EBF3C01CF7BD5800B5F3C2 /* Sources */ = {
			isa = PBXSourcesBuildPhase;
			buildActionMask = 2147483647;
			files = (
				D8EBF3CC1CF7BD5800B5F3C2 /* GameScene.swift in Sources */,
				D8EBF3CE1CF7BD5800B5F3C2 /* GameViewController.swift in Sources */,
				D8EBF3C81CF7BD5800B5F3C2 /* AppDelegate.swift in Sources */,
			);
			runOnlyForDeploymentPostprocessing = 0;
		};
/* End PBXSourcesBuildPhase section */

/* Begin PBXVariantGroup section */
		D8EBF3CF1CF7BD5800B5F3C2 /* Main.storyboard */ = {
			isa = PBXVariantGroup;
			children = (
				D8EBF3D01CF7BD5800B5F3C2 /* Base */,
			);
			name = Main.storyboard;
			sourceTree = "<group>";
		};
		D8EBF3D41CF7BD5800B5F3C2 /* LaunchScreen.storyboard */ = {
			isa = PBXVariantGroup;
			children = (
				D8EBF3D51CF7BD5800B5F3C2 /* Base */,
			);
			name = LaunchScreen.storyboard;
			sourceTree = "<group>";
		};
/* End PBXVariantGroup section */

/* Begin XCBuildConfiguration section */
		D8EBF3D81CF7BD5800B5F3C2 /* Debug */ = {
			isa = XCBuildConfiguration;
			buildSettings = {
				ALWAYS_SEARCH_USER_PATHS = NO;
				CLANG_ANALYZER_NONNULL = YES;
				CLANG_CXX_LANGUAGE_STANDARD = "gnu++0x";
				CLANG_CXX_LIBRARY = "libc++";
				CLANG_ENABLE_MODULES = YES;
				CLANG_ENABLE_OBJC_ARC = YES;
				CLANG_WARN_BOOL_CONVERSION = YES;
				CLANG_WARN_CONSTANT_CONVERSION = YES;
				CLANG_WARN_DIRECT_OBJC_ISA_USAGE = YES_ERROR;
				CLANG_WARN_EMPTY_BODY = YES;
				CLANG_WARN_ENUM_CONVERSION = YES;
				CLANG_WARN_INT_CONVERSION = YES;
				CLANG_WARN_OBJC_ROOT_CLASS = YES_ERROR;
				CLANG_WARN_UNREACHABLE_CODE = YES;
				CLANG_WARN__DUPLICATE_METHOD_MATCH = YES;
				"CODE_SIGN_IDENTITY[sdk=iphoneos*]" = "iPhone Developer";
				COPY_PHASE_STRIP = NO;
				DEBUG_INFORMATION_FORMAT = "dwarf-with-dsym";
				ENABLE_STRICT_OBJC_MSGSEND = YES;
				ENABLE_TESTABILITY = YES;
				GCC_C_LANGUAGE_STANDARD = gnu99;
				GCC_DYNAMIC_NO_PIC = NO;
				GCC_NO_COMMON_BLOCKS = YES;
				GCC_OPTIMIZATION_LEVEL = 0;
				GCC_PREPROCESSOR_DEFINITIONS = (
					"DEBUG=1",
					"$(inherited)",
				);
				GCC_WARN_64_TO_32_BIT_CONVERSION = YES;
				GCC_WARN_ABOUT_RETURN_TYPE = YES_ERROR;
				GCC_WARN_UNDECLARED_SELECTOR = YES;
				GCC_WARN_UNINITIALIZED_AUTOS = YES_AGGRESSIVE;
				GCC_WARN_UNUSED_FUNCTION = YES;
				GCC_WARN_UNUSED_VARIABLE = YES;
				IPHONEOS_DEPLOYMENT_TARGET = 9.3;
				MTL_ENABLE_DEBUG_INFO = YES;
				ONLY_ACTIVE_ARCH = YES;
				SDKROOT = iphoneos;
				SWIFT_OPTIMIZATION_LEVEL = "-Onone";
			};
			name = Debug;
		};
		D8EBF3D91CF7BD5800B5F3C2 /* Release */ = {
			isa = XCBuildConfiguration;
			buildSettings = {
				ALWAYS_SEARCH_USER_PATHS = NO;
				CLANG_ANALYZER_NONNULL = YES;
				CLANG_CXX_LANGUAGE_STANDARD = "gnu++0x";
				CLANG_CXX_LIBRARY = "libc++";
				CLANG_ENABLE_MODULES = YES;
				CLANG_ENABLE_OBJC_ARC = YES;
				CLANG_WARN_BOOL_CONVERSION = YES;
				CLANG_WARN_CONSTANT_CONVERSION = YES;
				CLANG_WARN_DIRECT_OBJC_ISA_USAGE = YES_ERROR;
				CLANG_WARN_EMPTY_BODY = YES;
				CLANG_WARN_ENUM_CONVERSION = YES;
				CLANG_WARN_INT_CONVERSION = YES;
				CLANG_WARN_OBJC_ROOT_CLASS = YES_ERROR;
				CLANG_WARN_UNREACHABLE_CODE = YES;
				CLANG_WARN__DUPLICATE_METHOD_MATCH = YES;
				"CODE_SIGN_IDENTITY[sdk=iphoneos*]" = "iPhone Developer";
				COPY_PHASE_STRIP = NO;
				DEBUG_INFORMATION_FORMAT = "dwarf-with-dsym";
				ENABLE_NS_ASSERTIONS = NO;
				ENABLE_STRICT_OBJC_MSGSEND = YES;
				GCC_C_LANGUAGE_STANDARD = gnu99;
				GCC_NO_COMMON_BLOCKS = YES;
				GCC_WARN_64_TO_32_BIT_CONVERSION = YES;
				GCC_WARN_ABOUT_RETURN_TYPE = YES_ERROR;
				GCC_WARN_UNDECLARED_SELECTOR = YES;
				GCC_WARN_UNINITIALIZED_AUTOS = YES_AGGRESSIVE;
				GCC_WARN_UNUSED_FUNCTION = YES;
				GCC_WARN_UNUSED_VARIABLE = YES;
				IPHONEOS_DEPLOYMENT_TARGET = 9.3;
				MTL_ENABLE_DEBUG_INFO = NO;
				SDKROOT = iphoneos;
				VALIDATE_PRODUCT = YES;
			};
			name = Release;
		};
		D8EBF3DB1CF7BD5800B5F3C2 /* Debug */ = {
			isa = XCBuildConfiguration;
			buildSettings = {
				ASSETCATALOG_COMPILER_APPICON_NAME = AppIcon;
				INFOPLIST_FILE = "Falling-Stars/Info.plist";
				LD_RUNPATH_SEARCH_PATHS = "$(inherited) @executable_path/Frameworks";
				PRODUCT_BUNDLE_IDENTIFIER = "com.webdevils.Falling-Stars";
				PRODUCT_NAME = "$(TARGET_NAME)";
			};
			name = Debug;
		};
		D8EBF3DC1CF7BD5800B5F3C2 /* Release */ = {
			isa = XCBuildConfiguration;
			buildSettings = {
				ASSETCATALOG_COMPILER_APPICON_NAME = AppIcon;
				INFOPLIST_FILE = "Falling-Stars/Info.plist";
				LD_RUNPATH_SEARCH_PATHS = "$(inherited) @executable_path/Frameworks";
				PRODUCT_BUNDLE_IDENTIFIER = "com.webdevils.Falling-Stars";
				PRODUCT_NAME = "$(TARGET_NAME)";
			};
			name = Release;
		};
/* End XCBuildConfiguration section */

/* Begin XCConfigurationList section */
		D8EBF3BF1CF7BD5800B5F3C2 /* Build configuration list for PBXProject "Falling-Stars" */ = {
			isa = XCConfigurationList;
			buildConfigurations = (
				D8EBF3D81CF7BD5800B5F3C2 /* Debug */,
				D8EBF3D91CF7BD5800B5F3C2 /* Release */,
			);
			defaultConfigurationIsVisible = 0;
			defaultConfigurationName = Release;
		};
		D8EBF3DA1CF7BD5800B5F3C2 /* Build configuration list for PBXNativeTarget "Falling-Stars" */ = {
			isa = XCConfigurationList;
			buildConfigurations = (
				D8EBF3DB1CF7BD5800B5F3C2 /* Debug */,
				D8EBF3DC1CF7BD5800B5F3C2 /* Release */,
			);
			defaultConfigurationIsVisible = 0;
		};
/* End XCConfigurationList section */
	};
	rootObject = D8EBF3BC1CF7BD5800B5F3C2 /* Project object */;
}
